
Microsoft Visual Studio Solution File, Format Version 12.00
# Visual Studio Version 16
VisualStudioVersion = 16.0.31624.102
MinimumVisualStudioVersion = 10.0.40219.1
Project("{FAE04EC0-301F-11D3-BF4B-00C04F79EFBC}") = "MyCalcLibTests", "MyCalcLibTests\MyCalcLibTests.csproj", "{2C253821-ABD4-4F2C-B02D-43B5A42D6936}"
EndProject
Project("{FAE04EC0-301F-11D3-BF4B-00C04F79EFBC}") = "MyCalcLib", "MyCalcLib\MyCalcLib.csproj", "{F769A07F-FE3C-485E-98CF-4595AEF22FD1}"
EndProject
Global
	GlobalSection(SolutionConfigurationPlatforms) = preSolution
		Debug|Any CPU = Debug|Any CPU
		Release|Any CPU = Release|Any CPU
	EndGlobalSection
	GlobalSection(ProjectConfigurationPlatforms) = postSolution
		{2C253821-ABD4-4F2C-B02D-43B5A42D6936}.Debug|Any CPU.ActiveCfg = Debug|Any CPU
		{2C253821-ABD4-4F2C-B02D-43B5A42D6936}.Debug|Any CPU.Build.0 = Debug|Any CPU
		{2C253821-ABD4-4F2C-B02D-43B5A42D6936}.Release|Any CPU.ActiveCfg = Release|Any CPU
		{2C253821-ABD4-4F2C-B02D-43B5A42D6936}.Release|Any CPU.Build.0 = Release|Any CPU
		{F769A07F-FE3C-485E-98CF-4595AEF22FD1}.Debug|Any CPU.ActiveCfg = Debug|Any CPU
		{F769A07F-FE3C-485E-98CF-4595AEF22FD1}.Debug|Any CPU.Build.0 = Debug|Any CPU
		{F769A07F-FE3C-485E-98CF-4595AEF22FD1}.Release|Any CPU.ActiveCfg = Release|Any CPU
		{F769A07F-FE3C-485E-98CF-4595AEF22FD1}.Release|Any CPU.Build.0 = Release|Any CPU
	EndGlobalSection
	GlobalSection(SolutionProperties) = preSolution
		HideSolutionNode = FALSE
	EndGlobalSection
	GlobalSection(ExtensibilityGlobals) = postSolution
		SolutionGuid = {CD638E14-B7C1-4775-A52B-687625A54175}
	EndGlobalSection
EndGlobal
